
Microsoft Visual Studio Solution File, Format Version 12.00
# Visual Studio Version 16
VisualStudioVersion = 16.0.31402.337
MinimumVisualStudioVersion = 10.0.40219.1
Project("{FAE04EC0-301F-11D3-BF4B-00C04F79EFBC}") = "SolverX", "SolverX.csproj", "{DA8FD1A3-D21B-49CF-AF97-FF3844FEF96F}"
EndProject
Global
	GlobalSection(SolutionConfigurationPlatforms) = preSolution
		Debug|Any CPU = Debug|Any CPU
		Release|Any CPU = Release|Any CPU
	EndGlobalSection
	GlobalSection(ProjectConfigurationPlatforms) = postSolution
		{DA8FD1A3-D21B-49CF-AF97-FF3844FEF96F}.Debug|Any CPU.ActiveCfg = Debug|Any CPU
		{DA8FD1A3-D21B-49CF-AF97-FF3844FEF96F}.Debug|Any CPU.Build.0 = Debug|Any CPU
		{DA8FD1A3-D21B-49CF-AF97-FF3844FEF96F}.Release|Any CPU.ActiveCfg = Release|Any CPU
		{DA8FD1A3-D21B-49CF-AF97-FF3844FEF96F}.Release|Any CPU.Build.0 = Release|Any CPU
	EndGlobalSection
	GlobalSection(SolutionProperties) = preSolution
		HideSolutionNode = FALSE
	EndGlobalSection
	GlobalSection(ExtensibilityGlobals) = postSolution
		SolutionGuid = {995984C1-D6E8-4DFC-9431-67036160E16B}
	EndGlobalSection
EndGlobal
